{
  "requires": true,
  "lockfileVersion": 1,
  "dependencies": {
    "react-native-sqlite-storage": {
      "version": "5.0.0",
      "resolved": "https://registry.npmjs.org/react-native-sqlite-storage/-/react-native-sqlite-storage-5.0.0.tgz",
      "integrity": "sha512-c1Joq3/tO1nmIcP8SkRZNolPSbfvY8uZg5lXse0TmjIPC0qHVbk96IMvWGyly1TmYCIpxpuDRc0/xCffDbYIvg=="
    }
  }
}
